
Microsoft Visual Studio Solution File, Format Version 12.00
# Visual Studio 15
VisualStudioVersion = 15.0.28010.2016
MinimumVisualStudioVersion = 10.0.40219.1
Project("{9A19103F-16F7-4668-BE54-9A1E7A4F7556}") = "NLemos", "NLemos\NLemos.csproj", "{2648FF6D-7DE2-4B52-8645-A03D4F54EC3A}"
EndProject
Project("{FAE04EC0-301F-11D3-BF4B-00C04F79EFBC}") = "NLemos.Domain", "NLemos.Domain\NLemos.Domain.csproj", "{4BCF030A-7BB6-4537-8986-786E4ABD0C33}"
EndProject
Project("{FAE04EC0-301F-11D3-BF4B-00C04F79EFBC}") = "NLemos.Infrastructure", "NLemos.Infrastructure\NLemos.Infrastructure.csproj", "{1548B805-B98C-46AC-9D11-5A4A04CCD03B}"
EndProject
Global
	GlobalSection(SolutionConfigurationPlatforms) = preSolution
		Debug|Any CPU = Debug|Any CPU
		Release|Any CPU = Release|Any CPU
	EndGlobalSection
	GlobalSection(ProjectConfigurationPlatforms) = postSolution
		{2648FF6D-7DE2-4B52-8645-A03D4F54EC3A}.Debug|Any CPU.ActiveCfg = Debug|Any CPU
		{2648FF6D-7DE2-4B52-8645-A03D4F54EC3A}.Debug|Any CPU.Build.0 = Debug|Any CPU
		{2648FF6D-7DE2-4B52-8645-A03D4F54EC3A}.Release|Any CPU.ActiveCfg = Release|Any CPU
		{2648FF6D-7DE2-4B52-8645-A03D4F54EC3A}.Release|Any CPU.Build.0 = Release|Any CPU
		{4BCF030A-7BB6-4537-8986-786E4ABD0C33}.Debug|Any CPU.ActiveCfg = Debug|Any CPU
		{4BCF030A-7BB6-4537-8986-786E4ABD0C33}.Debug|Any CPU.Build.0 = Debug|Any CPU
		{4BCF030A-7BB6-4537-8986-786E4ABD0C33}.Release|Any CPU.ActiveCfg = Release|Any CPU
		{4BCF030A-7BB6-4537-8986-786E4ABD0C33}.Release|Any CPU.Build.0 = Release|Any CPU
		{1548B805-B98C-46AC-9D11-5A4A04CCD03B}.Debug|Any CPU.ActiveCfg = Debug|Any CPU
		{1548B805-B98C-46AC-9D11-5A4A04CCD03B}.Debug|Any CPU.Build.0 = Debug|Any CPU
		{1548B805-B98C-46AC-9D11-5A4A04CCD03B}.Release|Any CPU.ActiveCfg = Release|Any CPU
		{1548B805-B98C-46AC-9D11-5A4A04CCD03B}.Release|Any CPU.Build.0 = Release|Any CPU
	EndGlobalSection
	GlobalSection(SolutionProperties) = preSolution
		HideSolutionNode = FALSE
	EndGlobalSection
	GlobalSection(ExtensibilityGlobals) = postSolution
		SolutionGuid = {A7C30D10-4B68-471D-9B18-0DB9F76B1A5C}
	EndGlobalSection
EndGlobal
